
Microsoft Visual Studio Solution File, Format Version 12.00
# Visual Studio Version 16
VisualStudioVersion = 16.0.30907.101
MinimumVisualStudioVersion = 10.0.40219.1
Project("{FAE04EC0-301F-11D3-BF4B-00C04F79EFBC}") = "CSharp_MethodOverloading", "CSharp_MethodOverloading\CSharp_MethodOverloading.csproj", "{58ACF573-4E86-40EB-B7A7-5F0AF95A9F2B}"
EndProject
Global
	GlobalSection(SolutionConfigurationPlatforms) = preSolution
		Debug|Any CPU = Debug|Any CPU
		Release|Any CPU = Release|Any CPU
	EndGlobalSection
	GlobalSection(ProjectConfigurationPlatforms) = postSolution
		{58ACF573-4E86-40EB-B7A7-5F0AF95A9F2B}.Debug|Any CPU.ActiveCfg = Debug|Any CPU
		{58ACF573-4E86-40EB-B7A7-5F0AF95A9F2B}.Debug|Any CPU.Build.0 = Debug|Any CPU
		{58ACF573-4E86-40EB-B7A7-5F0AF95A9F2B}.Release|Any CPU.ActiveCfg = Release|Any CPU
		{58ACF573-4E86-40EB-B7A7-5F0AF95A9F2B}.Release|Any CPU.Build.0 = Release|Any CPU
	EndGlobalSection
	GlobalSection(SolutionProperties) = preSolution
		HideSolutionNode = FALSE
	EndGlobalSection
	GlobalSection(ExtensibilityGlobals) = postSolution
		SolutionGuid = {03AC9FDB-EB37-4C47-AD0C-763716686002}
	EndGlobalSection
EndGlobal
